<?xml version="1.0" encoding="utf-8"?>
<Project ToolsVersion="4.0" xmlns="http://schemas.microsoft.com/developer/msbuild/2003">
  <ItemGroup>
    <Filter Include="Source Files">
      <UniqueIdentifier>{4FC737F1-C7A5-4376-A066-2A32D752A2FF}</UniqueIdentifier>
      <Extensions>cpp;c;cc;cxx;def;odl;idl;hpj;bat;asm;asmx</Extensions>
    </Filter>
    <Filter Include="Header Files">
      <UniqueIdentifier>{93995380-89BD-4b04-88EB-625FBE52EBFB}</UniqueIdentifier>
      <Extensions>h;hpp;hxx;hm;inl;inc;xsd</Extensions>
    </Filter>
    <Filter Include="Resource Files">
      <UniqueIdentifier>{67DA6AB6-F800-4c08-8B7A-83BB121AAD01}</UniqueIdentifier>
      <Extensions>rc;ico;cur;bmp;dlg;rc2;rct;bin;rgs;gif;jpg;jpeg;jpe;resx;tiff;tif;png;wav;mfcribbon-ms</Extensions>
    </Filter>
    <Filter Include="Source Files\engine">
      <UniqueIdentifier>{bf88a20c-eaa8-4a30-8a81-aa885fe84379}</UniqueIdentifier>
    </Filter>
    <Filter Include="uGUI">
      <UniqueIdentifier>{d3966ab8-773d-4632-9c74-4cc2b74b3f79}</UniqueIdentifier>
    </Filter>
  </ItemGroup>
  <ItemGroup>
    <ClCompile Include="main.cpp">
      <Filter>Source Files</Filter>
    </ClCompile>
    <ClCompile Include="src\math.cpp">
      <Filter>Source Files\engine</Filter>
    </ClCompile>
    <ClCompile Include="src\renderer.cpp">
      <Filter>Source Files\engine</Filter>
    </ClCompile>
    <ClCompile Include="src\screen.cpp">
      <Filter>Source Files\engine</Filter>
    </ClCompile>
    <ClCompile Include="lib\stb_image.c">
      <Filter>Source Files</Filter>
    </ClCompile>
    <ClCompile Include="src\image.cpp">
      <Filter>Source Files\engine</Filter>
    </ClCompile>
    <ClCompile Include="src\resourcemanager.cpp">
      <Filter>Source Files\engine</Filter>
    </ClCompile>
    <ClCompile Include="src\sprite.cpp">
      <Filter>Source Files\engine</Filter>
    </ClCompile>
    <ClCompile Include="src\font.cpp">
      <Filter>Source Files\engine</Filter>
    </ClCompile>
    <ClCompile Include="src\scene.cpp">
      <Filter>Source Files\engine</Filter>
    </ClCompile>
    <ClCompile Include="src\Camera.cpp">
      <Filter>Source Files\engine</Filter>
    </ClCompile>
    <ClCompile Include="uGui\Button.cpp">
      <Filter>uGUI</Filter>
    </ClCompile>
    <ClCompile Include="uGui\Control.cpp">
      <Filter>uGUI</Filter>
    </ClCompile>
    <ClCompile Include="uGui\GUIManager.cpp">
      <Filter>uGUI</Filter>
    </ClCompile>
    <ClCompile Include="uGui\Window.cpp">
      <Filter>uGUI</Filter>
    </ClCompile>
    <ClCompile Include="uGui\Label.cpp">
      <Filter>uGUI</Filter>
    </ClCompile>
    <ClCompile Include="uGui\ButtonLabel.cpp">
      <Filter>uGUI</Filter>
    </ClCompile>
    <ClCompile Include="uGui\Slider.cpp">
      <Filter>uGUI</Filter>
    </ClCompile>
    <ClCompile Include="uGui\CheckBox.cpp">
      <Filter>uGUI</Filter>
    </ClCompile>
  </ItemGroup>
  <ItemGroup>
    <ClInclude Include="include\array.h">
      <Filter>Header Files</Filter>
    </ClInclude>
    <ClInclude Include="include\glinclude.h">
      <Filter>Header Files</Filter>
    </ClInclude>
    <ClInclude Include="include\math.h">
      <Filter>Header Files</Filter>
    </ClInclude>
    <ClInclude Include="include\renderer.h">
      <Filter>Header Files</Filter>
    </ClInclude>
    <ClInclude Include="include\screen.h">
      <Filter>Header Files</Filter>
    </ClInclude>
    <ClInclude Include="include\string.h">
      <Filter>Header Files</Filter>
    </ClInclude>
    <ClInclude Include="include\types.h">
      <Filter>Header Files</Filter>
    </ClInclude>
    <ClInclude Include="include\u-gine.h">
      <Filter>Header Files</Filter>
    </ClInclude>
    <ClInclude Include="include\image.h">
      <Filter>Header Files</Filter>
    </ClInclude>
    <ClInclude Include="include\resourcemanager.h">
      <Filter>Header Files</Filter>
    </ClInclude>
    <ClInclude Include="include\sprite.h">
      <Filter>Header Files</Filter>
    </ClInclude>
    <ClInclude Include="include\font.h">
      <Filter>Header Files</Filter>
    </ClInclude>
    <ClInclude Include="include\glyph.h">
      <Filter>Header Files</Filter>
    </ClInclude>
    <ClInclude Include="include\scene.h">
      <Filter>Header Files</Filter>
    </ClInclude>
    <ClInclude Include="include\Camera.h">
      <Filter>Header Files</Filter>
    </ClInclude>
    <ClInclude Include="uGui\Button.h">
      <Filter>uGUI</Filter>
    </ClInclude>
    <ClInclude Include="uGui\Control.h">
      <Filter>uGUI</Filter>
    </ClInclude>
    <ClInclude Include="uGui\GUIManager.h">
      <Filter>uGUI</Filter>
    </ClInclude>
    <ClInclude Include="uGui\IContainer.h">
      <Filter>uGUI</Filter>
    </ClInclude>
    <ClInclude Include="uGui\IEventListener.h">
      <Filter>uGUI</Filter>
    </ClInclude>
    <ClInclude Include="uGui\Message.h">
      <Filter>uGUI</Filter>
    </ClInclude>
    <ClInclude Include="uGui\Singleton.h">
      <Filter>uGUI</Filter>
    </ClInclude>
    <ClInclude Include="uGui\Vector2.h">
      <Filter>uGUI</Filter>
    </ClInclude>
    <ClInclude Include="uGui\Window.h">
      <Filter>uGUI</Filter>
    </ClInclude>
    <ClInclude Include="uGui\Label.h">
      <Filter>uGUI</Filter>
    </ClInclude>
    <ClInclude Include="uGui\ButtonLabel.h">
      <Filter>uGUI</Filter>
    </ClInclude>
    <ClInclude Include="uGui\Slider.h">
      <Filter>uGUI</Filter>
    </ClInclude>
    <ClInclude Include="uGui\CheckBox.h">
      <Filter>uGUI</Filter>
    </ClInclude>
  </ItemGroup>
</Project>